
Microsoft Visual Studio Solution File, Format Version 12.00
# Visual Studio Version 17
VisualStudioVersion = 17.5.002.0
MinimumVisualStudioVersion = 10.0.40219.1
Project("{9A19103F-16F7-4668-BE54-9A1E7A4F7556}") = "life_table_wpf", "life_table_wpf.csproj", "{3124621E-6FD3-443A-9CBB-90C5D6A632C7}"
EndProject
Global
	GlobalSection(SolutionConfigurationPlatforms) = preSolution
		Debug|Any CPU = Debug|Any CPU
		Release|Any CPU = Release|Any CPU
	EndGlobalSection
	GlobalSection(ProjectConfigurationPlatforms) = postSolution
		{3124621E-6FD3-443A-9CBB-90C5D6A632C7}.Debug|Any CPU.ActiveCfg = Debug|Any CPU
		{3124621E-6FD3-443A-9CBB-90C5D6A632C7}.Debug|Any CPU.Build.0 = Debug|Any CPU
		{3124621E-6FD3-443A-9CBB-90C5D6A632C7}.Release|Any CPU.ActiveCfg = Release|Any CPU
		{3124621E-6FD3-443A-9CBB-90C5D6A632C7}.Release|Any CPU.Build.0 = Release|Any CPU
	EndGlobalSection
	GlobalSection(SolutionProperties) = preSolution
		HideSolutionNode = FALSE
	EndGlobalSection
	GlobalSection(ExtensibilityGlobals) = postSolution
		SolutionGuid = {55EFB39B-ADB4-413D-9F68-F0F2E0E96673}
	EndGlobalSection
EndGlobal
